
Microsoft Visual Studio Solution File, Format Version 12.00
# Visual Studio Version 17
VisualStudioVersion = 17.10.35013.160
MinimumVisualStudioVersion = 10.0.40219.1
Project("{FAE04EC0-301F-11D3-BF4B-00C04F79EFBC}") = "MovieTickets", "MovieTickets\MovieTickets.csproj", "{37DAF357-E430-4A95-B8B9-6189AFBAB49D}"
EndProject
Global
	GlobalSection(SolutionConfigurationPlatforms) = preSolution
		Debug|Any CPU = Debug|Any CPU
		Release|Any CPU = Release|Any CPU
	EndGlobalSection
	GlobalSection(ProjectConfigurationPlatforms) = postSolution
		{37DAF357-E430-4A95-B8B9-6189AFBAB49D}.Debug|Any CPU.ActiveCfg = Debug|Any CPU
		{37DAF357-E430-4A95-B8B9-6189AFBAB49D}.Debug|Any CPU.Build.0 = Debug|Any CPU
		{37DAF357-E430-4A95-B8B9-6189AFBAB49D}.Release|Any CPU.ActiveCfg = Release|Any CPU
		{37DAF357-E430-4A95-B8B9-6189AFBAB49D}.Release|Any CPU.Build.0 = Release|Any CPU
	EndGlobalSection
	GlobalSection(SolutionProperties) = preSolution
		HideSolutionNode = FALSE
	EndGlobalSection
	GlobalSection(ExtensibilityGlobals) = postSolution
		SolutionGuid = {619DB515-3EC0-4504-B1D6-D352076C0B77}
	EndGlobalSection
EndGlobal
